
Microsoft Visual Studio Solution File, Format Version 12.00
# Visual Studio 15
VisualStudioVersion = 15.0.28307.329
MinimumVisualStudioVersion = 10.0.40219.1
Project("{FAE04EC0-301F-11D3-BF4B-00C04F79EFBC}") = "first_qubit", "first_qubit\first_qubit.csproj", "{C4DCAA87-AE73-4B9B-A1EE-7E0F935983A3}"
EndProject
Global
	GlobalSection(SolutionConfigurationPlatforms) = preSolution
		Debug|Any CPU = Debug|Any CPU
		Release|Any CPU = Release|Any CPU
	EndGlobalSection
	GlobalSection(ProjectConfigurationPlatforms) = postSolution
		{C4DCAA87-AE73-4B9B-A1EE-7E0F935983A3}.Debug|Any CPU.ActiveCfg = Debug|Any CPU
		{C4DCAA87-AE73-4B9B-A1EE-7E0F935983A3}.Debug|Any CPU.Build.0 = Debug|Any CPU
		{C4DCAA87-AE73-4B9B-A1EE-7E0F935983A3}.Release|Any CPU.ActiveCfg = Release|Any CPU
		{C4DCAA87-AE73-4B9B-A1EE-7E0F935983A3}.Release|Any CPU.Build.0 = Release|Any CPU
	EndGlobalSection
	GlobalSection(SolutionProperties) = preSolution
		HideSolutionNode = FALSE
	EndGlobalSection
	GlobalSection(ExtensibilityGlobals) = postSolution
		SolutionGuid = {1B842288-D1BF-4C95-8ED1-33D39DC7E7EB}
	EndGlobalSection
EndGlobal
